
Microsoft Visual Studio Solution File, Format Version 12.00
# Visual Studio Version 17
VisualStudioVersion = 17.6.33815.320
MinimumVisualStudioVersion = 10.0.40219.1
Project("{FAE04EC0-301F-11D3-BF4B-00C04F79EFBC}") = "bookfly_cips", "bookfly_cips\bookfly_cips.csproj", "{4790D7B3-0A51-45D4-A630-BD25FEE3EEFE}"
EndProject
Global
	GlobalSection(SolutionConfigurationPlatforms) = preSolution
		Debug|Any CPU = Debug|Any CPU
		Release|Any CPU = Release|Any CPU
	EndGlobalSection
	GlobalSection(ProjectConfigurationPlatforms) = postSolution
		{4790D7B3-0A51-45D4-A630-BD25FEE3EEFE}.Debug|Any CPU.ActiveCfg = Debug|Any CPU
		{4790D7B3-0A51-45D4-A630-BD25FEE3EEFE}.Debug|Any CPU.Build.0 = Debug|Any CPU
		{4790D7B3-0A51-45D4-A630-BD25FEE3EEFE}.Release|Any CPU.ActiveCfg = Release|Any CPU
		{4790D7B3-0A51-45D4-A630-BD25FEE3EEFE}.Release|Any CPU.Build.0 = Release|Any CPU
	EndGlobalSection
	GlobalSection(SolutionProperties) = preSolution
		HideSolutionNode = FALSE
	EndGlobalSection
	GlobalSection(ExtensibilityGlobals) = postSolution
		SolutionGuid = {CBC74BBC-BA3D-4A27-AAEA-D05CDFE71D23}
	EndGlobalSection
EndGlobal
